// !$*UTF8*$!
{
	archiveVersion = 1;
	classes = {
	};
	objectVersion = 50;
	objects = {

/* Begin PBXBuildFile section */
		F58A347C22871AAE00FCF84E /* AppDelegate.swift in Sources */ = {isa = PBXBuildFile; fileRef = F58A347B22871AAE00FCF84E /* AppDelegate.swift */; };
		F58A347E22871AAE00FCF84E /* ViewController.swift in Sources */ = {isa = PBXBuildFile; fileRef = F58A347D22871AAE00FCF84E /* ViewController.swift */; };
		F58A348122871AAE00FCF84E /* Main.storyboard in Resources */ = {isa = PBXBuildFile; fileRef = F58A347F22871AAE00FCF84E /* Main.storyboard */; };
		F58A348322871AAF00FCF84E /* Assets.xcassets in Resources */ = {isa = PBXBuildFile; fileRef = F58A348222871AAF00FCF84E /* Assets.xcassets */; };
		F58A348622871AAF00FCF84E /* LaunchScreen.storyboard in Resources */ = {isa = PBXBuildFile; fileRef = F58A348422871AAF00FCF84E /* LaunchScreen.storyboard */; };
		F58A349122871AAF00FCF84E /* Dinosaur_or_Unicorn_Tests.swift in Sources */ = {isa = PBXBuildFile; fileRef = F58A349022871AAF00FCF84E /* Dinosaur_or_Unicorn_Tests.swift */; };
		F58A349C22871AAF00FCF84E /* Dinosaur_or_Unicorn_UITests.swift in Sources */ = {isa = PBXBuildFile; fileRef = F58A349B22871AAF00FCF84E /* Dinosaur_or_Unicorn_UITests.swift */; };
/* End PBXBuildFile section */

/* Begin PBXContainerItemProxy section */
		F58A348D22871AAF00FCF84E /* PBXContainerItemProxy */ = {
			isa = PBXContainerItemProxy;
			containerPortal = F58A347022871AAE00FCF84E /* Project object */;
			proxyType = 1;
			remoteGlobalIDString = F58A347722871AAE00FCF84E;
			remoteInfo = "Dinosaur or Unicorn?";
		};
		F58A349822871AAF00FCF84E /* PBXContainerItemProxy */ = {
			isa = PBXContainerItemProxy;
			containerPortal = F58A347022871AAE00FCF84E /* Project object */;
			proxyType = 1;
			remoteGlobalIDString = F58A347722871AAE00FCF84E;
			remoteInfo = "Dinosaur or Unicorn?";
		};
/* End PBXContainerItemProxy section */

/* Begin PBXFileReference section */
		F58A347822871AAE00FCF84E /* Dinosaur or Unicorn?.app */ = {isa = PBXFileReference; explicitFileType = wrapper.application; includeInIndex = 0; path = "Dinosaur or Unicorn?.app"; sourceTree = BUILT_PRODUCTS_DIR; };
		F58A347B22871AAE00FCF84E /* AppDelegate.swift */ = {isa = PBXFileReference; lastKnownFileType = sourcecode.swift; path = AppDelegate.swift; sourceTree = "<group>"; };
		F58A347D22871AAE00FCF84E /* ViewController.swift */ = {isa = PBXFileReference; lastKnownFileType = sourcecode.swift; path = ViewController.swift; sourceTree = "<group>"; };
		F58A348022871AAE00FCF84E /* Base */ = {isa = PBXFileReference; lastKnownFileType = file.storyboard; name = Base; path = Base.lproj/Main.storyboard; sourceTree = "<group>"; };
		F58A348222871AAF00FCF84E /* Assets.xcassets */ = {isa = PBXFileReference; lastKnownFileType = folder.assetcatalog; path = Assets.xcassets; sourceTree = "<group>"; };
		F58A348522871AAF00FCF84E /* Base */ = {isa = PBXFileReference; lastKnownFileType = file.storyboard; name = Base; path = Base.lproj/LaunchScreen.storyboard; sourceTree = "<group>"; };
		F58A348722871AAF00FCF84E /* Info.plist */ = {isa = PBXFileReference; lastKnownFileType = text.plist.xml; path = Info.plist; sourceTree = "<group>"; };
		F58A348C22871AAF00FCF84E /* Dinosaur or Unicorn?Tests.xctest */ = {isa = PBXFileReference; explicitFileType = wrapper.cfbundle; includeInIndex = 0; path = "Dinosaur or Unicorn?Tests.xctest"; sourceTree = BUILT_PRODUCTS_DIR; };
		F58A349022871AAF00FCF84E /* Dinosaur_or_Unicorn_Tests.swift */ = {isa = PBXFileReference; lastKnownFileType = sourcecode.swift; path = Dinosaur_or_Unicorn_Tests.swift; sourceTree = "<group>"; };
		F58A349222871AAF00FCF84E /* Info.plist */ = {isa = PBXFileReference; lastKnownFileType = text.plist.xml; path = Info.plist; sourceTree = "<group>"; };
		F58A349722871AAF00FCF84E /* Dinosaur or Unicorn?UITests.xctest */ = {isa = PBXFileReference; explicitFileType = wrapper.cfbundle; includeInIndex = 0; path = "Dinosaur or Unicorn?UITests.xctest"; sourceTree = BUILT_PRODUCTS_DIR; };
		F58A349B22871AAF00FCF84E /* Dinosaur_or_Unicorn_UITests.swift */ = {isa = PBXFileReference; lastKnownFileType = sourcecode.swift; path = Dinosaur_or_Unicorn_UITests.swift; sourceTree = "<group>"; };
		F58A349D22871AAF00FCF84E /* Info.plist */ = {isa = PBXFileReference; lastKnownFileType = text.plist.xml; path = Info.plist; sourceTree = "<group>"; };
/* End PBXFileReference section */

/* Begin PBXFrameworksBuildPhase section */
		F58A347522871AAE00FCF84E /* Frameworks */ = {
			isa = PBXFrameworksBuildPhase;
			buildActionMask = 2147483647;
			files = (
			);
			runOnlyForDeploymentPostprocessing = 0;
		};
		F58A348922871AAF00FCF84E /* Frameworks */ = {
			isa = PBXFrameworksBuildPhase;
			buildActionMask = 2147483647;
			files = (
			);
			runOnlyForDeploymentPostprocessing = 0;
		};
		F58A349422871AAF00FCF84E /* Frameworks */ = {
			isa = PBXFrameworksBuildPhase;
			buildActionMask = 2147483647;
			files = (
			);
			runOnlyForDeploymentPostprocessing = 0;
		};
/* End PBXFrameworksBuildPhase section */

/* Begin PBXGroup section */
		F58A346F22871AAE00FCF84E = {
			isa = PBXGroup;
			children = (
				F58A347A22871AAE00FCF84E /* Dinosaur or Unicorn? */,
				F58A348F22871AAF00FCF84E /* Dinosaur or Unicorn?Tests */,
				F58A349A22871AAF00FCF84E /* Dinosaur or Unicorn?UITests */,
				F58A347922871AAE00FCF84E /* Products */,
			);
			sourceTree = "<group>";
		};
		F58A347922871AAE00FCF84E /* Products */ = {
			isa = PBXGroup;
			children = (
				F58A347822871AAE00FCF84E /* Dinosaur or Unicorn?.app */,
				F58A348C22871AAF00FCF84E /* Dinosaur or Unicorn?Tests.xctest */,
				F58A349722871AAF00FCF84E /* Dinosaur or Unicorn?UITests.xctest */,
			);
			name = Products;
			sourceTree = "<group>";
		};
		F58A347A22871AAE00FCF84E /* Dinosaur or Unicorn? */ = {
			isa = PBXGroup;
			children = (
				F58A347B22871AAE00FCF84E /* AppDelegate.swift */,
				F58A347D22871AAE00FCF84E /* ViewController.swift */,
				F58A347F22871AAE00FCF84E /* Main.storyboard */,
				F58A348222871AAF00FCF84E /* Assets.xcassets */,
				F58A348422871AAF00FCF84E /* LaunchScreen.storyboard */,
				F58A348722871AAF00FCF84E /* Info.plist */,
			);
			path = "Dinosaur or Unicorn?";
			sourceTree = "<group>";
		};
		F58A348F22871AAF00FCF84E /* Dinosaur or Unicorn?Tests */ = {
			isa = PBXGroup;
			children = (
				F58A349022871AAF00FCF84E /* Dinosaur_or_Unicorn_Tests.swift */,
				F58A349222871AAF00FCF84E /* Info.plist */,
			);
			path = "Dinosaur or Unicorn?Tests";
			sourceTree = "<group>";
		};
		F58A349A22871AAF00FCF84E /* Dinosaur or Unicorn?UITests */ = {
			isa = PBXGroup;
			children = (
				F58A349B22871AAF00FCF84E /* Dinosaur_or_Unicorn_UITests.swift */,
				F58A349D22871AAF00FCF84E /* Info.plist */,
			);
			path = "Dinosaur or Unicorn?UITests";
			sourceTree = "<group>";
		};
/* End PBXGroup section */

/* Begin PBXNativeTarget section */
		F58A347722871AAE00FCF84E /* Dinosaur or Unicorn? */ = {
			isa = PBXNativeTarget;
			buildConfigurationList = F58A34A022871AAF00FCF84E /* Build configuration list for PBXNativeTarget "Dinosaur or Unicorn?" */;
			buildPhases = (
				F58A347422871AAE00FCF84E /* Sources */,
				F58A347522871AAE00FCF84E /* Frameworks */,
				F58A347622871AAE00FCF84E /* Resources */,
			);
			buildRules = (
			);
			dependencies = (
			);
			name = "Dinosaur or Unicorn?";
			productName = "Dinosaur or Unicorn?";
			productReference = F58A347822871AAE00FCF84E /* Dinosaur or Unicorn?.app */;
			productType = "com.apple.product-type.application";
		};
		F58A348B22871AAF00FCF84E /* Dinosaur or Unicorn?Tests */ = {
			isa = PBXNativeTarget;
			buildConfigurationList = F58A34A322871AAF00FCF84E /* Build configuration list for PBXNativeTarget "Dinosaur or Unicorn?Tests" */;
			buildPhases = (
				F58A348822871AAF00FCF84E /* Sources */,
				F58A348922871AAF00FCF84E /* Frameworks */,
				F58A348A22871AAF00FCF84E /* Resources */,
			);
			buildRules = (
			);
			dependencies = (
				F58A348E22871AAF00FCF84E /* PBXTargetDependency */,
			);
			name = "Dinosaur or Unicorn?Tests";
			productName = "Dinosaur or Unicorn?Tests";
			productReference = F58A348C22871AAF00FCF84E /* Dinosaur or Unicorn?Tests.xctest */;
			productType = "com.apple.product-type.bundle.unit-test";
		};
		F58A349622871AAF00FCF84E /* Dinosaur or Unicorn?UITests */ = {
			isa = PBXNativeTarget;
			buildConfigurationList = F58A34A622871AAF00FCF84E /* Build configuration list for PBXNativeTarget "Dinosaur or Unicorn?UITests" */;
			buildPhases = (
				F58A349322871AAF00FCF84E /* Sources */,
				F58A349422871AAF00FCF84E /* Frameworks */,
				F58A349522871AAF00FCF84E /* Resources */,
			);
			buildRules = (
			);
			dependencies = (
				F58A349922871AAF00FCF84E /* PBXTargetDependency */,
			);
			name = "Dinosaur or Unicorn?UITests";
			productName = "Dinosaur or Unicorn?UITests";
			productReference = F58A349722871AAF00FCF84E /* Dinosaur or Unicorn?UITests.xctest */;
			productType = "com.apple.product-type.bundle.ui-testing";
		};
/* End PBXNativeTarget section */

/* Begin PBXProject section */
		F58A347022871AAE00FCF84E /* Project object */ = {
			isa = PBXProject;
			attributes = {
				LastSwiftUpdateCheck = 1020;
				LastUpgradeCheck = 1020;
				ORGANIZATIONNAME = "Zachary Howarth";
				TargetAttributes = {
					F58A347722871AAE00FCF84E = {
						CreatedOnToolsVersion = 10.2.1;
					};
					F58A348B22871AAF00FCF84E = {
						CreatedOnToolsVersion = 10.2.1;
						TestTargetID = F58A347722871AAE00FCF84E;
					};
					F58A349622871AAF00FCF84E = {
						CreatedOnToolsVersion = 10.2.1;
						TestTargetID = F58A347722871AAE00FCF84E;
					};
				};
			};
			buildConfigurationList = F58A347322871AAE00FCF84E /* Build configuration list for PBXProject "Dinosaur or Unicorn?" */;
			compatibilityVersion = "Xcode 9.3";
			developmentRegion = en;
			hasScannedForEncodings = 0;
			knownRegions = (
				en,
				Base,
			);
			mainGroup = F58A346F22871AAE00FCF84E;
			productRefGroup = F58A347922871AAE00FCF84E /* Products */;
			projectDirPath = "";
			projectRoot = "";
			targets = (
				F58A347722871AAE00FCF84E /* Dinosaur or Unicorn? */,
				F58A348B22871AAF00FCF84E /* Dinosaur or Unicorn?Tests */,
				F58A349622871AAF00FCF84E /* Dinosaur or Unicorn?UITests */,
			);
		};
/* End PBXProject section */

/* Begin PBXResourcesBuildPhase section */
		F58A347622871AAE00FCF84E /* Resources */ = {
			isa = PBXResourcesBuildPhase;
			buildActionMask = 2147483647;
			files = (
				F58A348622871AAF00FCF84E /* LaunchScreen.storyboard in Resources */,
				F58A348322871AAF00FCF84E /* Assets.xcassets in Resources */,
				F58A348122871AAE00FCF84E /* Main.storyboard in Resources */,
			);
			runOnlyForDeploymentPostprocessing = 0;
		};
		F58A348A22871AAF00FCF84E /* Resources */ = {
			isa = PBXResourcesBuildPhase;
			buildActionMask = 2147483647;
			files = (
			);
			runOnlyForDeploymentPostprocessing = 0;
		};
		F58A349522871AAF00FCF84E /* Resources */ = {
			isa = PBXResourcesBuildPhase;
			buildActionMask = 2147483647;
			files = (
			);
			runOnlyForDeploymentPostprocessing = 0;
		};
/* End PBXResourcesBuildPhase section */

/* Begin PBXSourcesBuildPhase section */
		F58A347422871AAE00FCF84E /* Sources */ = {
			isa = PBXSourcesBuildPhase;
			buildActionMask = 2147483647;
			files = (
				F58A347E22871AAE00FCF84E /* ViewController.swift in Sources */,
				F58A347C22871AAE00FCF84E /* AppDelegate.swift in Sources */,
			);
			runOnlyForDeploymentPostprocessing = 0;
		};
		F58A348822871AAF00FCF84E /* Sources */ = {
			isa = PBXSourcesBuildPhase;
			buildActionMask = 2147483647;
			files = (
				F58A349122871AAF00FCF84E /* Dinosaur_or_Unicorn_Tests.swift in Sources */,
			);
			runOnlyForDeploymentPostprocessing = 0;
		};
		F58A349322871AAF00FCF84E /* Sources */ = {
			isa = PBXSourcesBuildPhase;
			buildActionMask = 2147483647;
			files = (
				F58A349C22871AAF00FCF84E /* Dinosaur_or_Unicorn_UITests.swift in Sources */,
			);
			runOnlyForDeploymentPostprocessing = 0;
		};
/* End PBXSourcesBuildPhase section */

/* Begin PBXTargetDependency section */
		F58A348E22871AAF00FCF84E /* PBXTargetDependency */ = {
			isa = PBXTargetDependency;
			target = F58A347722871AAE00FCF84E /* Dinosaur or Unicorn? */;
			targetProxy = F58A348D22871AAF00FCF84E /* PBXContainerItemProxy */;
		};
		F58A349922871AAF00FCF84E /* PBXTargetDependency */ = {
			isa = PBXTargetDependency;
			target = F58A347722871AAE00FCF84E /* Dinosaur or Unicorn? */;
			targetProxy = F58A349822871AAF00FCF84E /* PBXContainerItemProxy */;
		};
/* End PBXTargetDependency section */

/* Begin PBXVariantGroup section */
		F58A347F22871AAE00FCF84E /* Main.storyboard */ = {
			isa = PBXVariantGroup;
			children = (
				F58A348022871AAE00FCF84E /* Base */,
			);
			name = Main.storyboard;
			sourceTree = "<group>";
		};
		F58A348422871AAF00FCF84E /* LaunchScreen.storyboard */ = {
			isa = PBXVariantGroup;
			children = (
				F58A348522871AAF00FCF84E /* Base */,
			);
			name = LaunchScreen.storyboard;
			sourceTree = "<group>";
		};
/* End PBXVariantGroup section */

/* Begin XCBuildConfiguration section */
		F58A349E22871AAF00FCF84E /* Debug */ = {
			isa = XCBuildConfiguration;
			buildSettings = {
				ALWAYS_SEARCH_USER_PATHS = NO;
				CLANG_ANALYZER_NONNULL = YES;
				CLANG_ANALYZER_NUMBER_OBJECT_CONVERSION = YES_AGGRESSIVE;
				CLANG_CXX_LANGUAGE_STANDARD = "gnu++14";
				CLANG_CXX_LIBRARY = "libc++";
				CLANG_ENABLE_MODULES = YES;
				CLANG_ENABLE_OBJC_ARC = YES;
				CLANG_ENABLE_OBJC_WEAK = YES;
				CLANG_WARN_BLOCK_CAPTURE_AUTORELEASING = YES;
				CLANG_WARN_BOOL_CONVERSION = YES;
				CLANG_WARN_COMMA = YES;
				CLANG_WARN_CONSTANT_CONVERSION = YES;
				CLANG_WARN_DEPRECATED_OBJC_IMPLEMENTATIONS = YES;
				CLANG_WARN_DIRECT_OBJC_ISA_USAGE = YES_ERROR;
				CLANG_WARN_DOCUMENTATION_COMMENTS = YES;
				CLANG_WARN_EMPTY_BODY = YES;
				CLANG_WARN_ENUM_CONVERSION = YES;
				CLANG_WARN_INFINITE_RECURSION = YES;
				CLANG_WARN_INT_CONVERSION = YES;
				CLANG_WARN_NON_LITERAL_NULL_CONVERSION = YES;
				CLANG_WARN_OBJC_IMPLICIT_RETAIN_SELF = YES;
				CLANG_WARN_OBJC_LITERAL_CONVERSION = YES;
				CLANG_WARN_OBJC_ROOT_CLASS = YES_ERROR;
				CLANG_WARN_RANGE_LOOP_ANALYSIS = YES;
				CLANG_WARN_STRICT_PROTOTYPES = YES;
				CLANG_WARN_SUSPICIOUS_MOVE = YES;
				CLANG_WARN_UNGUARDED_AVAILABILITY = YES_AGGRESSIVE;
				CLANG_WARN_UNREACHABLE_CODE = YES;
				CLANG_WARN__DUPLICATE_METHOD_MATCH = YES;
				CODE_SIGN_IDENTITY = "iPhone Developer";
				COPY_PHASE_STRIP = NO;
				DEBUG_INFORMATION_FORMAT = dwarf;
				ENABLE_STRICT_OBJC_MSGSEND = YES;
				ENABLE_TESTABILITY = YES;
				GCC_C_LANGUAGE_STANDARD = gnu11;
				GCC_DYNAMIC_NO_PIC = NO;
				GCC_NO_COMMON_BLOCKS = YES;
				GCC_OPTIMIZATION_LEVEL = 0;
				GCC_PREPROCESSOR_DEFINITIONS = (
					"DEBUG=1",
					"$(inherited)",
				);
				GCC_WARN_64_TO_32_BIT_CONVERSION = YES;
				GCC_WARN_ABOUT_RETURN_TYPE = YES_ERROR;
				GCC_WARN_UNDECLARED_SELECTOR = YES;
				GCC_WARN_UNINITIALIZED_AUTOS = YES_AGGRESSIVE;
				GCC_WARN_UNUSED_FUNCTION = YES;
				GCC_WARN_UNUSED_VARIABLE = YES;
				IPHONEOS_DEPLOYMENT_TARGET = 12.2;
				MTL_ENABLE_DEBUG_INFO = INCLUDE_SOURCE;
				MTL_FAST_MATH = YES;
				ONLY_ACTIVE_ARCH = YES;
				SDKROOT = iphoneos;
				SWIFT_ACTIVE_COMPILATION_CONDITIONS = DEBUG;
				SWIFT_OPTIMIZATION_LEVEL = "-Onone";
			};
			name = Debug;
		};
		F58A349F22871AAF00FCF84E /* Release */ = {
			isa = XCBuildConfiguration;
			buildSettings = {
				ALWAYS_SEARCH_USER_PATHS = NO;
				CLANG_ANALYZER_NONNULL = YES;
				CLANG_ANALYZER_NUMBER_OBJECT_CONVERSION = YES_AGGRESSIVE;
				CLANG_CXX_LANGUAGE_STANDARD = "gnu++14";
				CLANG_CXX_LIBRARY = "libc++";
				CLANG_ENABLE_MODULES = YES;
				CLANG_ENABLE_OBJC_ARC = YES;
				CLANG_ENABLE_OBJC_WEAK = YES;
				CLANG_WARN_BLOCK_CAPTURE_AUTORELEASING = YES;
				CLANG_WARN_BOOL_CONVERSION = YES;
				CLANG_WARN_COMMA = YES;
				CLANG_WARN_CONSTANT_CONVERSION = YES;
				CLANG_WARN_DEPRECATED_OBJC_IMPLEMENTATIONS = YES;
				CLANG_WARN_DIRECT_OBJC_ISA_USAGE = YES_ERROR;
				CLANG_WARN_DOCUMENTATION_COMMENTS = YES;
				CLANG_WARN_EMPTY_BODY = YES;
				CLANG_WARN_ENUM_CONVERSION = YES;
				CLANG_WARN_INFINITE_RECURSION = YES;
				CLANG_WARN_INT_CONVERSION = YES;
				CLANG_WARN_NON_LITERAL_NULL_CONVERSION = YES;
				CLANG_WARN_OBJC_IMPLICIT_RETAIN_SELF = YES;
				CLANG_WARN_OBJC_LITERAL_CONVERSION = YES;
				CLANG_WARN_OBJC_ROOT_CLASS = YES_ERROR;
				CLANG_WARN_RANGE_LOOP_ANALYSIS = YES;
				CLANG_WARN_STRICT_PROTOTYPES = YES;
				CLANG_WARN_SUSPICIOUS_MOVE = YES;
				CLANG_WARN_UNGUARDED_AVAILABILITY = YES_AGGRESSIVE;
				CLANG_WARN_UNREACHABLE_CODE = YES;
				CLANG_WARN__DUPLICATE_METHOD_MATCH = YES;
				CODE_SIGN_IDENTITY = "iPhone Developer";
				COPY_PHASE_STRIP = NO;
				DEBUG_INFORMATION_FORMAT = "dwarf-with-dsym";
				ENABLE_NS_ASSERTIONS = NO;
				ENABLE_STRICT_OBJC_MSGSEND = YES;
				GCC_C_LANGUAGE_STANDARD = gnu11;
				GCC_NO_COMMON_BLOCKS = YES;
				GCC_WARN_64_TO_32_BIT_CONVERSION = YES;
				GCC_WARN_ABOUT_RETURN_TYPE = YES_ERROR;
				GCC_WARN_UNDECLARED_SELECTOR = YES;
				GCC_WARN_UNINITIALIZED_AUTOS = YES_AGGRESSIVE;
				GCC_WARN_UNUSED_FUNCTION = YES;
				GCC_WARN_UNUSED_VARIABLE = YES;
				IPHONEOS_DEPLOYMENT_TARGET = 12.2;
				MTL_ENABLE_DEBUG_INFO = NO;
				MTL_FAST_MATH = YES;
				SDKROOT = iphoneos;
				SWIFT_COMPILATION_MODE = wholemodule;
				SWIFT_OPTIMIZATION_LEVEL = "-O";
				VALIDATE_PRODUCT = YES;
			};
			name = Release;
		};
		F58A34A122871AAF00FCF84E /* Debug */ = {
			isa = XCBuildConfiguration;
			buildSettings = {
				ASSETCATALOG_COMPILER_APPICON_NAME = AppIcon;
				CODE_SIGN_STYLE = Automatic;
				DEVELOPMENT_TEAM = 7H3V28KGF4;
				INFOPLIST_FILE = "Dinosaur or Unicorn?/Info.plist";
				LD_RUNPATH_SEARCH_PATHS = (
					"$(inherited)",
					"@executable_path/Frameworks",
				);
				PRODUCT_BUNDLE_IDENTIFIER = "KWK.Dinosaur-or-Unicorn-";
				PRODUCT_NAME = "$(TARGET_NAME)";
				SWIFT_VERSION = 5.0;
				TARGETED_DEVICE_FAMILY = "1,2";
			};
			name = Debug;
		};
		F58A34A222871AAF00FCF84E /* Release */ = {
			isa = XCBuildConfiguration;
			buildSettings = {
				ASSETCATALOG_COMPILER_APPICON_NAME = AppIcon;
				CODE_SIGN_STYLE = Automatic;
				DEVELOPMENT_TEAM = 7H3V28KGF4;
				INFOPLIST_FILE = "Dinosaur or Unicorn?/Info.plist";
				LD_RUNPATH_SEARCH_PATHS = (
					"$(inherited)",
					"@executable_path/Frameworks",
				);
				PRODUCT_BUNDLE_IDENTIFIER = "KWK.Dinosaur-or-Unicorn-";
				PRODUCT_NAME = "$(TARGET_NAME)";
				SWIFT_VERSION = 5.0;
				TARGETED_DEVICE_FAMILY = "1,2";
			};
			name = Release;
		};
		F58A34A422871AAF00FCF84E /* Debug */ = {
			isa = XCBuildConfiguration;
			buildSettings = {
				ALWAYS_EMBED_SWIFT_STANDARD_LIBRARIES = YES;
				BUNDLE_LOADER = "$(TEST_HOST)";
				CODE_SIGN_STYLE = Automatic;
				DEVELOPMENT_TEAM = 7H3V28KGF4;
				INFOPLIST_FILE = "Dinosaur or Unicorn?Tests/Info.plist";
				LD_RUNPATH_SEARCH_PATHS = (
					"$(inherited)",
					"@executable_path/Frameworks",
					"@loader_path/Frameworks",
				);
				PRODUCT_BUNDLE_IDENTIFIER = "KWK.Dinosaur-or-Unicorn-Tests";
				PRODUCT_NAME = "$(TARGET_NAME)";
				SWIFT_VERSION = 5.0;
				TARGETED_DEVICE_FAMILY = "1,2";
				TEST_HOST = "$(BUILT_PRODUCTS_DIR)/Dinosaur or Unicorn?.app/Dinosaur or Unicorn?";
			};
			name = Debug;
		};
		F58A34A522871AAF00FCF84E /* Release */ = {
			isa = XCBuildConfiguration;
			buildSettings = {
				ALWAYS_EMBED_SWIFT_STANDARD_LIBRARIES = YES;
				BUNDLE_LOADER = "$(TEST_HOST)";
				CODE_SIGN_STYLE = Automatic;
				DEVELOPMENT_TEAM = 7H3V28KGF4;
				INFOPLIST_FILE = "Dinosaur or Unicorn?Tests/Info.plist";
				LD_RUNPATH_SEARCH_PATHS = (
					"$(inherited)",
					"@executable_path/Frameworks",
					"@loader_path/Frameworks",
				);
				PRODUCT_BUNDLE_IDENTIFIER = "KWK.Dinosaur-or-Unicorn-Tests";
				PRODUCT_NAME = "$(TARGET_NAME)";
				SWIFT_VERSION = 5.0;
				TARGETED_DEVICE_FAMILY = "1,2";
				TEST_HOST = "$(BUILT_PRODUCTS_DIR)/Dinosaur or Unicorn?.app/Dinosaur or Unicorn?";
			};
			name = Release;
		};
		F58A34A722871AAF00FCF84E /* Debug */ = {
			isa = XCBuildConfiguration;
			buildSettings = {
				ALWAYS_EMBED_SWIFT_STANDARD_LIBRARIES = YES;
				CODE_SIGN_STYLE = Automatic;
				DEVELOPMENT_TEAM = 7H3V28KGF4;
				INFOPLIST_FILE = "Dinosaur or Unicorn?UITests/Info.plist";
				LD_RUNPATH_SEARCH_PATHS = (
					"$(inherited)",
					"@executable_path/Frameworks",
					"@loader_path/Frameworks",
				);
				PRODUCT_BUNDLE_IDENTIFIER = "KWK.Dinosaur-or-Unicorn-UITests";
				PRODUCT_NAME = "$(TARGET_NAME)";
				SWIFT_VERSION = 5.0;
				TARGETED_DEVICE_FAMILY = "1,2";
				TEST_TARGET_NAME = "Dinosaur or Unicorn?";
			};
			name = Debug;
		};
		F58A34A822871AAF00FCF84E /* Release */ = {
			isa = XCBuildConfiguration;
			buildSettings = {
				ALWAYS_EMBED_SWIFT_STANDARD_LIBRARIES = YES;
				CODE_SIGN_STYLE = Automatic;
				DEVELOPMENT_TEAM = 7H3V28KGF4;
				INFOPLIST_FILE = "Dinosaur or Unicorn?UITests/Info.plist";
				LD_RUNPATH_SEARCH_PATHS = (
					"$(inherited)",
					"@executable_path/Frameworks",
					"@loader_path/Frameworks",
				);
				PRODUCT_BUNDLE_IDENTIFIER = "KWK.Dinosaur-or-Unicorn-UITests";
				PRODUCT_NAME = "$(TARGET_NAME)";
				SWIFT_VERSION = 5.0;
				TARGETED_DEVICE_FAMILY = "1,2";
				TEST_TARGET_NAME = "Dinosaur or Unicorn?";
			};
			name = Release;
		};
/* End XCBuildConfiguration section */

/* Begin XCConfigurationList section */
		F58A347322871AAE00FCF84E /* Build configuration list for PBXProject "Dinosaur or Unicorn?" */ = {
			isa = XCConfigurationList;
			buildConfigurations = (
				F58A349E22871AAF00FCF84E /* Debug */,
				F58A349F22871AAF00FCF84E /* Release */,
			);
			defaultConfigurationIsVisible = 0;
			defaultConfigurationName = Release;
		};
		F58A34A022871AAF00FCF84E /* Build configuration list for PBXNativeTarget "Dinosaur or Unicorn?" */ = {
			isa = XCConfigurationList;
			buildConfigurations = (
				F58A34A122871AAF00FCF84E /* Debug */,
				F58A34A222871AAF00FCF84E /* Release */,
			);
			defaultConfigurationIsVisible = 0;
			defaultConfigurationName = Release;
		};
		F58A34A322871AAF00FCF84E /* Build configuration list for PBXNativeTarget "Dinosaur or Unicorn?Tests" */ = {
			isa = XCConfigurationList;
			buildConfigurations = (
				F58A34A422871AAF00FCF84E /* Debug */,
				F58A34A522871AAF00FCF84E /* Release */,
			);
			defaultConfigurationIsVisible = 0;
			defaultConfigurationName = Release;
		};
		F58A34A622871AAF00FCF84E /* Build configuration list for PBXNativeTarget "Dinosaur or Unicorn?UITests" */ = {
			isa = XCConfigurationList;
			buildConfigurations = (
				F58A34A722871AAF00FCF84E /* Debug */,
				F58A34A822871AAF00FCF84E /* Release */,
			);
			defaultConfigurationIsVisible = 0;
			defaultConfigurationName = Release;
		};
/* End XCConfigurationList section */
	};
	rootObject = F58A347022871AAE00FCF84E /* Project object */;
}
